# This file is autogenerated, do not edit; changes may be undone by the next 'dep ensure'.


[[projects]]
  digest = "1:74e95f19090163c1d90c2fb3c98838d8e719ffa6513eeb4a0500560b990385d3"
  name = "github.com/HeavyWombat/gonvenience"
  packages = [
    "pkg/v1/bunt",
    "pkg/v1/neat",
  ]
  pruneopts = "NUT"
  revision = "3905975288526a3a1c355f8f433e701e3e29a122"
  version = "v1.0"

[[projects]]
  digest = "1:c04418bbdc4230be5fea9d3a051ad930cc2aef80b7c6b4b8ac62c36191323872"
  name = "github.com/HeavyWombat/ytbx"
  packages = ["pkg/v1/ytbx"]
  pruneopts = "NUT"
  revision = "4a3e5fadf87863fc94b528d39ec7c3d6e48c990b"
  version = "v0.5-alpha"

[[projects]]
  digest = "1:41933d387bfa3eaa6a82647914ed7044f7b8355764c24fb920892bc8c03ef0c3"
  name = "github.com/hpcloud/tail"
  packages = [
    ".",
    "ratelimiter",
    "util",
    "watch",
    "winfile",
  ]
  pruneopts = "NUT"
  revision = "a30252cb686a21eb2d0b98132633053ec2f7f1e5"
  version = "v1.0.0"

[[projects]]
  digest = "1:406338ad39ab2e37b7f4452906442a3dbf0eb3379dd1f06aafb5c07e769a5fbb"
  name = "github.com/inconshreveable/mousetrap"
  packages = ["."]
  pruneopts = "NUT"
  revision = "76626ae9c91c4f2a10f34cad8ce83ea42c93bb75"
  version = "v1.0"

[[projects]]
  digest = "1:ed9924c64c12bb89cc6fe944985904f9c572a4ce38d9ad132716ef8c68237237"
  name = "github.com/lucasb-eyer/go-colorful"
  packages = ["."]
  pruneopts = "NUT"
  revision = "345fbb3dbcdb252d9985ee899a84963c0fa24c82"
  version = "v1.0"

[[projects]]
  branch = "master"
  digest = "1:d0258ae89d47a594de9ca9df7be08bcf50782162aa32917aabe156ea2cd111c7"
  name = "github.com/mattn/go-ciede2000"
  packages = ["."]
  pruneopts = "NUT"
  revision = "782e8c62fec396b2d7e6f4367dd5f3934de99b47"

[[projects]]
  digest = "1:bffa444ca07c69c599ae5876bc18b25bfd5fa85b297ca10a25594d284a7e9c5d"
  name = "github.com/mattn/go-isatty"
  packages = ["."]
  pruneopts = "NUT"
  revision = "6ca4dbf54d38eea1a992b3c722a76a5d1c4cb25c"
  version = "v0.0.4"

[[projects]]
  digest = "1:e34decedbcec12332c5836d16a6838f864e0b43c5b4f9aa9d9a85101015f87c2"
  name = "github.com/mitchellh/hashstructure"
  packages = ["."]
  pruneopts = "NUT"
  revision = "a38c50148365edc8df43c1580c48fb2b3a1e9cd7"
  version = "v1.0.0"

[[projects]]
  digest = "1:0be1cd4c73d5e22a30edcf32a18e9809a370a7a4a52c4f41a86070b34da93fef"
  name = "github.com/onsi/ginkgo"
  packages = [
    ".",
    "config",
    "internal/codelocation",
    "internal/containernode",
    "internal/failer",
    "internal/leafnodes",
    "internal/remote",
    "internal/spec",
    "internal/spec_iterator",
    "internal/specrunner",
    "internal/suite",
    "internal/testingtproxy",
    "internal/writer",
    "reporters",
    "reporters/stenographer",
    "reporters/stenographer/support/go-colorable",
    "reporters/stenographer/support/go-isatty",
    "types",
  ]
  pruneopts = "NUT"
  revision = "3774a09d95489ccaa16032e0770d08ea77ba6184"
  version = "v1.6.0"

[[projects]]
  digest = "1:95f40a9db820078d1795c7ba2d476016aca05dc4267eaf6752a925e437cb351f"
  name = "github.com/onsi/gomega"
  packages = [
    ".",
    "format",
    "internal/assertion",
    "internal/asyncassertion",
    "internal/oraclematcher",
    "internal/testingtsupport",
    "matchers",
    "matchers/support/goraph/bipartitegraph",
    "matchers/support/goraph/edge",
    "matchers/support/goraph/node",
    "matchers/support/goraph/util",
    "types",
  ]
  pruneopts = "NUT"
  revision = "7615b9433f86a8bdf29709bf288bc4fd0636a369"
  version = "v1.4.2"

[[projects]]
  digest = "1:5cf3f025cbee5951a4ee961de067c8a89fc95a5adabead774f82822efabab121"
  name = "github.com/pkg/errors"
  packages = ["."]
  pruneopts = "NUT"
  revision = "645ef00459ed84a119197bfb8d8205042c6df63d"
  version = "v0.8.0"

[[projects]]
  digest = "1:d917313f309bda80d27274d53985bc65651f81a5b66b820749ac7f8ef061fd04"
  name = "github.com/sergi/go-diff"
  packages = ["diffmatchpatch"]
  pruneopts = "NUT"
  revision = "1744e2970ca51c86172c8190fadad617561ed6e7"
  version = "v1.0.0"

[[projects]]
  digest = "1:343d44e06621142ab09ae0c76c1799104cdfddd3ffb445d78b1adf8dc3ffaf3d"
  name = "github.com/spf13/cobra"
  packages = ["."]
  pruneopts = "NUT"
  revision = "ef82de70bb3f60c65fb8eebacbb2d122ef517385"
  version = "v0.0.3"

[[projects]]
  digest = "1:9d8420bbf131d1618bde6530af37c3799340d3762cc47210c1d9532a4c3a2779"
  name = "github.com/spf13/pflag"
  packages = ["."]
  pruneopts = "NUT"
  revision = "298182f68c66c05229eb03ac171abe6e309ee79a"
  version = "v1.0.3"

[[projects]]
  branch = "master"
  digest = "1:a38c75e7edd595bbaa03334c1ac26163a5e990d81f05cd9ec5fd0edc9c786078"
  name = "github.com/texttheater/golang-levenshtein"
  packages = ["levenshtein"]
  pruneopts = "NUT"
  revision = "d188e65d659ef53fcdb0691c12f1bba64928b649"

[[projects]]
  branch = "master"
  digest = "1:7123803d3412b82b847705933a9eeb49f673439ae5913a9a0d7e3a93cc201d1e"
  name = "github.com/virtuald/go-ordered-json"
  packages = ["."]
  pruneopts = "NUT"
  revision = "b18e6e673d74b304ff0f935a436dde5707ee1e57"

[[projects]]
  branch = "master"
  digest = "1:3f3a05ae0b95893d90b9b3b5afdb79a9b3d96e4e36e099d841ae602e4aca0da8"
  name = "golang.org/x/crypto"
  packages = ["ssh/terminal"]
  pruneopts = "NUT"
  revision = "4d3f4d9ffa16a13f451c3b2999e9c49e9750bf06"

[[projects]]
  branch = "master"
  digest = "1:5193d913046443e59093d66a97a40c51f4a5ea4ceba60f3b3ecf89694de5d16f"
  name = "golang.org/x/net"
  packages = [
    "html",
    "html/atom",
    "html/charset",
  ]
  pruneopts = "NUT"
  revision = "c10e9556a7bc0e7c942242b606f0acf024ad5d6a"

[[projects]]
  branch = "master"
  digest = "1:9f303486d623f840492bfeb48eb906a94e9d3fe638a761639b72ce64bf7bfcc3"
  name = "golang.org/x/sync"
  packages = ["syncmap"]
  pruneopts = "NUT"
  revision = "1d60e4601c6fd243af51cc01ddf169918a5407ca"

[[projects]]
  branch = "master"
  digest = "1:3bcf6eb3757db3e22c41d212f886b86d0f940f86e1af85b13cd31122ac341193"
  name = "golang.org/x/sys"
  packages = [
    "unix",
    "windows",
  ]
  pruneopts = "NUT"
  revision = "9b800f95dbbc54abff0acf7ee32d88ba4e328c89"

[[projects]]
  digest = "1:7c61a813b250ba8bb02bebb0382e6c3d00e04da2b577dc58985b86312fb89ffd"
  name = "golang.org/x/text"
  packages = [
    "encoding",
    "encoding/charmap",
    "encoding/htmlindex",
    "encoding/internal",
    "encoding/internal/identifier",
    "encoding/japanese",
    "encoding/korean",
    "encoding/simplifiedchinese",
    "encoding/traditionalchinese",
    "encoding/unicode",
    "internal/gen",
    "internal/tag",
    "internal/utf8internal",
    "language",
    "runes",
    "transform",
    "unicode/cldr",
  ]
  pruneopts = "NUT"
  revision = "f21a4dfb5e38f5895301dc265a8def02365cc3d0"
  version = "v0.3.0"

[[projects]]
  digest = "1:1b91ae0dc69a41d4c2ed23ea5cffb721ea63f5037ca4b81e6d6771fbb8f45129"
  name = "gopkg.in/fsnotify.v1"
  packages = ["."]
  pruneopts = "NUT"
  revision = "c2828203cd70a50dcccfb2761f8b1f8ceef9a8e9"
  source = "gopkg.in/fsnotify/fsnotify.v1"
  version = "v1.4.7"

[[projects]]
  branch = "v1"
  digest = "1:8fb1ccb16a6cfecbfdfeb84d8ea1cc7afa8f9ef16526bc2326f72d993e32cef1"
  name = "gopkg.in/tomb.v1"
  packages = ["."]
  pruneopts = "NUT"
  revision = "dd632973f1e7218eb1089048e0798ec9ae7dceb8"

[[projects]]
  digest = "1:7c95b35057a0ff2e19f707173cc1a947fa43a6eb5c4d300d196ece0334046082"
  name = "gopkg.in/yaml.v2"
  packages = ["."]
  pruneopts = "NUT"
  revision = "5420a8b6744d3b0345ab293f6fcba19c978f1183"
  version = "v2.2.1"

[solve-meta]
  analyzer-name = "dep"
  analyzer-version = 1
  input-imports = [
    "github.com/HeavyWombat/gonvenience/pkg/v1/bunt",
    "github.com/HeavyWombat/gonvenience/pkg/v1/neat",
    "github.com/HeavyWombat/ytbx/pkg/v1/ytbx",
    "github.com/lucasb-eyer/go-colorful",
    "github.com/mitchellh/hashstructure",
    "github.com/onsi/ginkgo",
    "github.com/onsi/gomega",
    "github.com/pkg/errors",
    "github.com/sergi/go-diff/diffmatchpatch",
    "github.com/spf13/cobra",
    "github.com/texttheater/golang-levenshtein/levenshtein",
    "golang.org/x/crypto/ssh/terminal",
    "gopkg.in/fsnotify.v1",
    "gopkg.in/yaml.v2",
  ]
  solver-name = "gps-cdcl"
  solver-version = 1
